
Microsoft Visual Studio Solution File, Format Version 12.00
# Visual Studio Version 17
VisualStudioVersion = 17.10.34928.147
MinimumVisualStudioVersion = 10.0.40219.1
Project("{FAE04EC0-301F-11D3-BF4B-00C04F79EFBC}") = "ConsoleAppJuaraujoda", "ConsoleAppJuaraujoda\ConsoleAppJuaraujoda.csproj", "{F4B95E04-22E8-4679-B408-6AA323082E7A}"
EndProject
Project("{FAE04EC0-301F-11D3-BF4B-00C04F79EFBC}") = "Entities", "Entities\Entities.csproj", "{8FFF7618-6313-4CCB-99AC-66436C954B0C}"
EndProject
Project("{FAE04EC0-301F-11D3-BF4B-00C04F79EFBC}") = "ContextLib", "ContextLib\ContextLib.csproj", "{AEF2D3F4-9B0C-4A44-9C68-3238BF8260AA}"
EndProject
Project("{FAE04EC0-301F-11D3-BF4B-00C04F79EFBC}") = "StubbedContextLib", "StubbedContextLib\StubbedContextLib.csproj", "{6E6A9969-06E5-49C4-8FC4-63499A848317}"
EndProject
Project("{FAE04EC0-301F-11D3-BF4B-00C04F79EFBC}") = "TestStubEF", "TestStubEF\TestStubEF.csproj", "{61C6CE97-8F59-4025-846F-A6BC518CEAC6}"
EndProject
Project("{FAE04EC0-301F-11D3-BF4B-00C04F79EFBC}") = "CLI", "CLI\CLI.csproj", "{C7079059-F69C-476A-9435-F6DFA182DE64}"
EndProject
Global
	GlobalSection(SolutionConfigurationPlatforms) = preSolution
		Debug|Any CPU = Debug|Any CPU
		Release|Any CPU = Release|Any CPU
	EndGlobalSection
	GlobalSection(ProjectConfigurationPlatforms) = postSolution
		{F4B95E04-22E8-4679-B408-6AA323082E7A}.Debug|Any CPU.ActiveCfg = Debug|Any CPU
		{F4B95E04-22E8-4679-B408-6AA323082E7A}.Debug|Any CPU.Build.0 = Debug|Any CPU
		{F4B95E04-22E8-4679-B408-6AA323082E7A}.Release|Any CPU.ActiveCfg = Release|Any CPU
		{F4B95E04-22E8-4679-B408-6AA323082E7A}.Release|Any CPU.Build.0 = Release|Any CPU
		{8FFF7618-6313-4CCB-99AC-66436C954B0C}.Debug|Any CPU.ActiveCfg = Debug|Any CPU
		{8FFF7618-6313-4CCB-99AC-66436C954B0C}.Debug|Any CPU.Build.0 = Debug|Any CPU
		{8FFF7618-6313-4CCB-99AC-66436C954B0C}.Release|Any CPU.ActiveCfg = Release|Any CPU
		{8FFF7618-6313-4CCB-99AC-66436C954B0C}.Release|Any CPU.Build.0 = Release|Any CPU
		{AEF2D3F4-9B0C-4A44-9C68-3238BF8260AA}.Debug|Any CPU.ActiveCfg = Debug|Any CPU
		{AEF2D3F4-9B0C-4A44-9C68-3238BF8260AA}.Debug|Any CPU.Build.0 = Debug|Any CPU
		{AEF2D3F4-9B0C-4A44-9C68-3238BF8260AA}.Release|Any CPU.ActiveCfg = Release|Any CPU
		{AEF2D3F4-9B0C-4A44-9C68-3238BF8260AA}.Release|Any CPU.Build.0 = Release|Any CPU
		{6E6A9969-06E5-49C4-8FC4-63499A848317}.Debug|Any CPU.ActiveCfg = Debug|Any CPU
		{6E6A9969-06E5-49C4-8FC4-63499A848317}.Debug|Any CPU.Build.0 = Debug|Any CPU
		{6E6A9969-06E5-49C4-8FC4-63499A848317}.Release|Any CPU.ActiveCfg = Release|Any CPU
		{6E6A9969-06E5-49C4-8FC4-63499A848317}.Release|Any CPU.Build.0 = Release|Any CPU
		{61C6CE97-8F59-4025-846F-A6BC518CEAC6}.Debug|Any CPU.ActiveCfg = Debug|Any CPU
		{61C6CE97-8F59-4025-846F-A6BC518CEAC6}.Debug|Any CPU.Build.0 = Debug|Any CPU
		{61C6CE97-8F59-4025-846F-A6BC518CEAC6}.Release|Any CPU.ActiveCfg = Release|Any CPU
		{61C6CE97-8F59-4025-846F-A6BC518CEAC6}.Release|Any CPU.Build.0 = Release|Any CPU
		{C7079059-F69C-476A-9435-F6DFA182DE64}.Debug|Any CPU.ActiveCfg = Debug|Any CPU
		{C7079059-F69C-476A-9435-F6DFA182DE64}.Debug|Any CPU.Build.0 = Debug|Any CPU
		{C7079059-F69C-476A-9435-F6DFA182DE64}.Release|Any CPU.ActiveCfg = Release|Any CPU
		{C7079059-F69C-476A-9435-F6DFA182DE64}.Release|Any CPU.Build.0 = Release|Any CPU
	EndGlobalSection
	GlobalSection(SolutionProperties) = preSolution
		HideSolutionNode = FALSE
	EndGlobalSection
	GlobalSection(ExtensibilityGlobals) = postSolution
		SolutionGuid = {7E37FA49-19EC-4F5D-9FE4-35B13C3DDCBE}
	EndGlobalSection
EndGlobal
